// !$*UTF8*$!
{
	archiveVersion = 1;
	classes = {
	};
	objectVersion = 55;
	objects = {

/* Begin PBXBuildFile section */
		65997123D8A40844AC14095B /* Pods_Mybook.framework in Frameworks */ = {isa = PBXBuildFile; fileRef = 36FACB7F0DDD90165FA19FD2 /* Pods_Mybook.framework */; };
		D87BF60E29E94A30008FCD71 /* AppDelegate.swift in Sources */ = {isa = PBXBuildFile; fileRef = D87BF60D29E94A30008FCD71 /* AppDelegate.swift */; };
		D87BF61029E94A30008FCD71 /* SceneDelegate.swift in Sources */ = {isa = PBXBuildFile; fileRef = D87BF60F29E94A30008FCD71 /* SceneDelegate.swift */; };
		D87BF61729E94A31008FCD71 /* Assets.xcassets in Resources */ = {isa = PBXBuildFile; fileRef = D87BF61629E94A31008FCD71 /* Assets.xcassets */; };
		D87BF61A29E94A31008FCD71 /* LaunchScreen.storyboard in Resources */ = {isa = PBXBuildFile; fileRef = D87BF61829E94A31008FCD71 /* LaunchScreen.storyboard */; };
		D87BF62229E94A8A008FCD71 /* Podfile in Resources */ = {isa = PBXBuildFile; fileRef = D87BF62129E94A8A008FCD71 /* Podfile */; };
		D87BF62829E94B2C008FCD71 /* Extensions.swift in Sources */ = {isa = PBXBuildFile; fileRef = D87BF62729E94B2C008FCD71 /* Extensions.swift */; };
		D87BF62D29E94B91008FCD71 /* MainViewController.swift in Sources */ = {isa = PBXBuildFile; fileRef = D87BF62B29E94B91008FCD71 /* MainViewController.swift */; };
		D87BF62E29E94B91008FCD71 /* MainViewController.xib in Resources */ = {isa = PBXBuildFile; fileRef = D87BF62C29E94B91008FCD71 /* MainViewController.xib */; };
		D87BF63729E95059008FCD71 /* BookTableViewCell.swift in Sources */ = {isa = PBXBuildFile; fileRef = D87BF63529E95059008FCD71 /* BookTableViewCell.swift */; };
		D87BF63829E95059008FCD71 /* BookTableViewCell.xib in Resources */ = {isa = PBXBuildFile; fileRef = D87BF63629E95059008FCD71 /* BookTableViewCell.xib */; };
		D87BF63A29E9534D008FCD71 /* SessionManager.swift in Sources */ = {isa = PBXBuildFile; fileRef = D87BF63929E9534C008FCD71 /* SessionManager.swift */; };
		D87BF63C29E97894008FCD71 /* BookModel.swift in Sources */ = {isa = PBXBuildFile; fileRef = D87BF63B29E97894008FCD71 /* BookModel.swift */; };
		D87BF63E29E97BA8008FCD71 /* BookListModel.swift in Sources */ = {isa = PBXBuildFile; fileRef = D87BF63D29E97BA8008FCD71 /* BookListModel.swift */; };
		D87BF64029EABB11008FCD71 /* SingleBookModel.swift in Sources */ = {isa = PBXBuildFile; fileRef = D87BF63F29EABB11008FCD71 /* SingleBookModel.swift */; };
		D87BF64329EB06B7008FCD71 /* InfoBooksViewController.swift in Sources */ = {isa = PBXBuildFile; fileRef = D87BF64129EB06B7008FCD71 /* InfoBooksViewController.swift */; };
		D87BF64429EB06B7008FCD71 /* InfoBooksViewController.xib in Resources */ = {isa = PBXBuildFile; fileRef = D87BF64229EB06B7008FCD71 /* InfoBooksViewController.xib */; };
		D87BF64629EB138A008FCD71 /* BookInfoModel.swift in Sources */ = {isa = PBXBuildFile; fileRef = D87BF64529EB138A008FCD71 /* BookInfoModel.swift */; };
		D87BF64829ED9A66008FCD71 /* RatingBookModel.swift in Sources */ = {isa = PBXBuildFile; fileRef = D87BF64729ED9A66008FCD71 /* RatingBookModel.swift */; };
		D87BF64A29ED9F85008FCD71 /* ImageModelBook.swift in Sources */ = {isa = PBXBuildFile; fileRef = D87BF64929ED9F85008FCD71 /* ImageModelBook.swift */; };
		D87BF64D29EDAA1F008FCD71 /* LinkMakeModel.swift in Sources */ = {isa = PBXBuildFile; fileRef = D87BF64C29EDAA1F008FCD71 /* LinkMakeModel.swift */; };
		D87BF65429EDDE7C008FCD71 /* StartTableViewCell.swift in Sources */ = {isa = PBXBuildFile; fileRef = D87BF65229EDDE7C008FCD71 /* StartTableViewCell.swift */; };
		D87BF65529EDDE7C008FCD71 /* StartTableViewCell.xib in Resources */ = {isa = PBXBuildFile; fileRef = D87BF65329EDDE7C008FCD71 /* StartTableViewCell.xib */; };
/* End PBXBuildFile section */

/* Begin PBXFileReference section */
		36FACB7F0DDD90165FA19FD2 /* Pods_Mybook.framework */ = {isa = PBXFileReference; explicitFileType = wrapper.framework; includeInIndex = 0; path = Pods_Mybook.framework; sourceTree = BUILT_PRODUCTS_DIR; };
		B3802F4C5F9E0B1FB9490CFE /* Pods-Mybook.release.xcconfig */ = {isa = PBXFileReference; includeInIndex = 1; lastKnownFileType = text.xcconfig; name = "Pods-Mybook.release.xcconfig"; path = "Target Support Files/Pods-Mybook/Pods-Mybook.release.xcconfig"; sourceTree = "<group>"; };
		B52923B59C504B36F6864571 /* Pods-Mybook.debug.xcconfig */ = {isa = PBXFileReference; includeInIndex = 1; lastKnownFileType = text.xcconfig; name = "Pods-Mybook.debug.xcconfig"; path = "Target Support Files/Pods-Mybook/Pods-Mybook.debug.xcconfig"; sourceTree = "<group>"; };
		D87BF60A29E94A30008FCD71 /* Mybook.app */ = {isa = PBXFileReference; explicitFileType = wrapper.application; includeInIndex = 0; path = Mybook.app; sourceTree = BUILT_PRODUCTS_DIR; };
		D87BF60D29E94A30008FCD71 /* AppDelegate.swift */ = {isa = PBXFileReference; lastKnownFileType = sourcecode.swift; path = AppDelegate.swift; sourceTree = "<group>"; };
		D87BF60F29E94A30008FCD71 /* SceneDelegate.swift */ = {isa = PBXFileReference; lastKnownFileType = sourcecode.swift; path = SceneDelegate.swift; sourceTree = "<group>"; };
		D87BF61629E94A31008FCD71 /* Assets.xcassets */ = {isa = PBXFileReference; lastKnownFileType = folder.assetcatalog; path = Assets.xcassets; sourceTree = "<group>"; };
		D87BF61929E94A31008FCD71 /* Base */ = {isa = PBXFileReference; lastKnownFileType = file.storyboard; name = Base; path = Base.lproj/LaunchScreen.storyboard; sourceTree = "<group>"; };
		D87BF61B29E94A31008FCD71 /* Info.plist */ = {isa = PBXFileReference; lastKnownFileType = text.plist.xml; path = Info.plist; sourceTree = "<group>"; };
		D87BF62129E94A8A008FCD71 /* Podfile */ = {isa = PBXFileReference; fileEncoding = 4; lastKnownFileType = text; path = Podfile; sourceTree = SOURCE_ROOT; xcLanguageSpecificationIdentifier = xcode.lang.ruby; };
		D87BF62729E94B2C008FCD71 /* Extensions.swift */ = {isa = PBXFileReference; fileEncoding = 4; lastKnownFileType = sourcecode.swift; path = Extensions.swift; sourceTree = "<group>"; };
		D87BF62B29E94B91008FCD71 /* MainViewController.swift */ = {isa = PBXFileReference; lastKnownFileType = sourcecode.swift; path = MainViewController.swift; sourceTree = "<group>"; };
		D87BF62C29E94B91008FCD71 /* MainViewController.xib */ = {isa = PBXFileReference; lastKnownFileType = file.xib; path = MainViewController.xib; sourceTree = "<group>"; };
		D87BF63529E95059008FCD71 /* BookTableViewCell.swift */ = {isa = PBXFileReference; lastKnownFileType = sourcecode.swift; path = BookTableViewCell.swift; sourceTree = "<group>"; };
		D87BF63629E95059008FCD71 /* BookTableViewCell.xib */ = {isa = PBXFileReference; lastKnownFileType = file.xib; path = BookTableViewCell.xib; sourceTree = "<group>"; };
		D87BF63929E9534C008FCD71 /* SessionManager.swift */ = {isa = PBXFileReference; fileEncoding = 4; lastKnownFileType = sourcecode.swift; path = SessionManager.swift; sourceTree = "<group>"; };
		D87BF63B29E97894008FCD71 /* BookModel.swift */ = {isa = PBXFileReference; lastKnownFileType = sourcecode.swift; path = BookModel.swift; sourceTree = "<group>"; };
		D87BF63D29E97BA8008FCD71 /* BookListModel.swift */ = {isa = PBXFileReference; lastKnownFileType = sourcecode.swift; path = BookListModel.swift; sourceTree = "<group>"; };
		D87BF63F29EABB11008FCD71 /* SingleBookModel.swift */ = {isa = PBXFileReference; lastKnownFileType = sourcecode.swift; path = SingleBookModel.swift; sourceTree = "<group>"; };
		D87BF64129EB06B7008FCD71 /* InfoBooksViewController.swift */ = {isa = PBXFileReference; lastKnownFileType = sourcecode.swift; path = InfoBooksViewController.swift; sourceTree = "<group>"; };
		D87BF64229EB06B7008FCD71 /* InfoBooksViewController.xib */ = {isa = PBXFileReference; lastKnownFileType = file.xib; path = InfoBooksViewController.xib; sourceTree = "<group>"; };
		D87BF64529EB138A008FCD71 /* BookInfoModel.swift */ = {isa = PBXFileReference; lastKnownFileType = sourcecode.swift; path = BookInfoModel.swift; sourceTree = "<group>"; };
		D87BF64729ED9A66008FCD71 /* RatingBookModel.swift */ = {isa = PBXFileReference; lastKnownFileType = sourcecode.swift; path = RatingBookModel.swift; sourceTree = "<group>"; };
		D87BF64929ED9F85008FCD71 /* ImageModelBook.swift */ = {isa = PBXFileReference; lastKnownFileType = sourcecode.swift; path = ImageModelBook.swift; sourceTree = "<group>"; };
		D87BF64C29EDAA1F008FCD71 /* LinkMakeModel.swift */ = {isa = PBXFileReference; lastKnownFileType = sourcecode.swift; path = LinkMakeModel.swift; sourceTree = "<group>"; };
		D87BF65229EDDE7C008FCD71 /* StartTableViewCell.swift */ = {isa = PBXFileReference; lastKnownFileType = sourcecode.swift; path = StartTableViewCell.swift; sourceTree = "<group>"; };
		D87BF65329EDDE7C008FCD71 /* StartTableViewCell.xib */ = {isa = PBXFileReference; lastKnownFileType = file.xib; path = StartTableViewCell.xib; sourceTree = "<group>"; };
/* End PBXFileReference section */

/* Begin PBXFrameworksBuildPhase section */
		D87BF60729E94A30008FCD71 /* Frameworks */ = {
			isa = PBXFrameworksBuildPhase;
			buildActionMask = 2147483647;
			files = (
				65997123D8A40844AC14095B /* Pods_Mybook.framework in Frameworks */,
			);
			runOnlyForDeploymentPostprocessing = 0;
		};
/* End PBXFrameworksBuildPhase section */

/* Begin PBXGroup section */
		0EA38F82C268D70E8C6E149E /* Frameworks */ = {
			isa = PBXGroup;
			children = (
				36FACB7F0DDD90165FA19FD2 /* Pods_Mybook.framework */,
			);
			name = Frameworks;
			sourceTree = "<group>";
		};
		AF3FE33C9FB3475CFCE76BA1 /* Pods */ = {
			isa = PBXGroup;
			children = (
				B52923B59C504B36F6864571 /* Pods-Mybook.debug.xcconfig */,
				B3802F4C5F9E0B1FB9490CFE /* Pods-Mybook.release.xcconfig */,
			);
			path = Pods;
			sourceTree = "<group>";
		};
		D87BF60129E94A2F008FCD71 = {
			isa = PBXGroup;
			children = (
				D87BF60C29E94A30008FCD71 /* Mybook */,
				D87BF60B29E94A30008FCD71 /* Products */,
				AF3FE33C9FB3475CFCE76BA1 /* Pods */,
				0EA38F82C268D70E8C6E149E /* Frameworks */,
			);
			sourceTree = "<group>";
		};
		D87BF60B29E94A30008FCD71 /* Products */ = {
			isa = PBXGroup;
			children = (
				D87BF60A29E94A30008FCD71 /* Mybook.app */,
			);
			name = Products;
			sourceTree = "<group>";
		};
		D87BF60C29E94A30008FCD71 /* Mybook */ = {
			isa = PBXGroup;
			children = (
				D87BF64B29EDA9F7008FCD71 /* Helper */,
				D87BF62929E94B3D008FCD71 /* Controllers */,
				D87BF62629E94B09008FCD71 /* Extensions */,
				D87BF62529E94AAD008FCD71 /* Model */,
				D87BF62429E94AA4008FCD71 /* UIView */,
				D87BF62329E94A98008FCD71 /* Network */,
				D87BF62129E94A8A008FCD71 /* Podfile */,
				D87BF60D29E94A30008FCD71 /* AppDelegate.swift */,
				D87BF60F29E94A30008FCD71 /* SceneDelegate.swift */,
				D87BF61629E94A31008FCD71 /* Assets.xcassets */,
				D87BF61829E94A31008FCD71 /* LaunchScreen.storyboard */,
				D87BF61B29E94A31008FCD71 /* Info.plist */,
			);
			path = Mybook;
			sourceTree = "<group>";
		};
		D87BF62329E94A98008FCD71 /* Network */ = {
			isa = PBXGroup;
			children = (
				D87BF63929E9534C008FCD71 /* SessionManager.swift */,
			);
			path = Network;
			sourceTree = "<group>";
		};
		D87BF62429E94AA4008FCD71 /* UIView */ = {
			isa = PBXGroup;
			children = (
				D87BF63429E9504A008FCD71 /* Cells */,
				D87BF62A29E94B49008FCD71 /* XIB */,
			);
			path = UIView;
			sourceTree = "<group>";
		};
		D87BF62529E94AAD008FCD71 /* Model */ = {
			isa = PBXGroup;
			children = (
				D87BF63B29E97894008FCD71 /* BookModel.swift */,
				D87BF63D29E97BA8008FCD71 /* BookListModel.swift */,
				D87BF63F29EABB11008FCD71 /* SingleBookModel.swift */,
				D87BF64529EB138A008FCD71 /* BookInfoModel.swift */,
				D87BF64729ED9A66008FCD71 /* RatingBookModel.swift */,
				D87BF64929ED9F85008FCD71 /* ImageModelBook.swift */,
			);
			path = Model;
			sourceTree = "<group>";
		};
		D87BF62629E94B09008FCD71 /* Extensions */ = {
			isa = PBXGroup;
			children = (
				D87BF62729E94B2C008FCD71 /* Extensions.swift */,
			);
			path = Extensions;
			sourceTree = "<group>";
		};
		D87BF62929E94B3D008FCD71 /* Controllers */ = {
			isa = PBXGroup;
			children = (
				D87BF62B29E94B91008FCD71 /* MainViewController.swift */,
				D87BF64129EB06B7008FCD71 /* InfoBooksViewController.swift */,
			);
			path = Controllers;
			sourceTree = "<group>";
		};
		D87BF62A29E94B49008FCD71 /* XIB */ = {
			isa = PBXGroup;
			children = (
				D87BF62C29E94B91008FCD71 /* MainViewController.xib */,
				D87BF64229EB06B7008FCD71 /* InfoBooksViewController.xib */,
			);
			path = XIB;
			sourceTree = "<group>";
		};
		D87BF63429E9504A008FCD71 /* Cells */ = {
			isa = PBXGroup;
			children = (
				D87BF63529E95059008FCD71 /* BookTableViewCell.swift */,
				D87BF65229EDDE7C008FCD71 /* StartTableViewCell.swift */,
				D87BF65329EDDE7C008FCD71 /* StartTableViewCell.xib */,
				D87BF63629E95059008FCD71 /* BookTableViewCell.xib */,
			);
			path = Cells;
			sourceTree = "<group>";
		};
		D87BF64B29EDA9F7008FCD71 /* Helper */ = {
			isa = PBXGroup;
			children = (
				D87BF64C29EDAA1F008FCD71 /* LinkMakeModel.swift */,
			);
			path = Helper;
			sourceTree = "<group>";
		};
/* End PBXGroup section */

/* Begin PBXNativeTarget section */
		D87BF60929E94A30008FCD71 /* Mybook */ = {
			isa = PBXNativeTarget;
			buildConfigurationList = D87BF61E29E94A31008FCD71 /* Build configuration list for PBXNativeTarget "Mybook" */;
			buildPhases = (
				3EFCE56F63A7923BC177CB00 /* [CP] Check Pods Manifest.lock */,
				D87BF60629E94A30008FCD71 /* Sources */,
				D87BF60729E94A30008FCD71 /* Frameworks */,
				D87BF60829E94A30008FCD71 /* Resources */,
				7FBB7DA1CE26FF1F215C9321 /* [CP] Embed Pods Frameworks */,
			);
			buildRules = (
			);
			dependencies = (
			);
			name = Mybook;
			productName = Mybook;
			productReference = D87BF60A29E94A30008FCD71 /* Mybook.app */;
			productType = "com.apple.product-type.application";
		};
/* End PBXNativeTarget section */

/* Begin PBXProject section */
		D87BF60229E94A2F008FCD71 /* Project object */ = {
			isa = PBXProject;
			attributes = {
				BuildIndependentTargetsInParallel = 1;
				LastSwiftUpdateCheck = 1430;
				LastUpgradeCheck = 1430;
				TargetAttributes = {
					D87BF60929E94A30008FCD71 = {
						CreatedOnToolsVersion = 14.3;
					};
				};
			};
			buildConfigurationList = D87BF60529E94A2F008FCD71 /* Build configuration list for PBXProject "Mybook" */;
			compatibilityVersion = "Xcode 13.0";
			developmentRegion = en;
			hasScannedForEncodings = 0;
			knownRegions = (
				en,
				Base,
			);
			mainGroup = D87BF60129E94A2F008FCD71;
			productRefGroup = D87BF60B29E94A30008FCD71 /* Products */;
			projectDirPath = "";
			projectRoot = "";
			targets = (
				D87BF60929E94A30008FCD71 /* Mybook */,
			);
		};
/* End PBXProject section */

/* Begin PBXResourcesBuildPhase section */
		D87BF60829E94A30008FCD71 /* Resources */ = {
			isa = PBXResourcesBuildPhase;
			buildActionMask = 2147483647;
			files = (
				D87BF65529EDDE7C008FCD71 /* StartTableViewCell.xib in Resources */,
				D87BF61A29E94A31008FCD71 /* LaunchScreen.storyboard in Resources */,
				D87BF61729E94A31008FCD71 /* Assets.xcassets in Resources */,
				D87BF62229E94A8A008FCD71 /* Podfile in Resources */,
				D87BF64429EB06B7008FCD71 /* InfoBooksViewController.xib in Resources */,
				D87BF62E29E94B91008FCD71 /* MainViewController.xib in Resources */,
				D87BF63829E95059008FCD71 /* BookTableViewCell.xib in Resources */,
			);
			runOnlyForDeploymentPostprocessing = 0;
		};
/* End PBXResourcesBuildPhase section */

/* Begin PBXShellScriptBuildPhase section */
		3EFCE56F63A7923BC177CB00 /* [CP] Check Pods Manifest.lock */ = {
			isa = PBXShellScriptBuildPhase;
			buildActionMask = 2147483647;
			files = (
			);
			inputFileListPaths = (
			);
			inputPaths = (
				"${PODS_PODFILE_DIR_PATH}/Podfile.lock",
				"${PODS_ROOT}/Manifest.lock",
			);
			name = "[CP] Check Pods Manifest.lock";
			outputFileListPaths = (
			);
			outputPaths = (
				"$(DERIVED_FILE_DIR)/Pods-Mybook-checkManifestLockResult.txt",
			);
			runOnlyForDeploymentPostprocessing = 0;
			shellPath = /bin/sh;
			shellScript = "diff \"${PODS_PODFILE_DIR_PATH}/Podfile.lock\" \"${PODS_ROOT}/Manifest.lock\" > /dev/null\nif [ $? != 0 ] ; then\n    # print error to STDERR\n    echo \"error: The sandbox is not in sync with the Podfile.lock. Run 'pod install' or update your CocoaPods installation.\" >&2\n    exit 1\nfi\n# This output is used by Xcode 'outputs' to avoid re-running this script phase.\necho \"SUCCESS\" > \"${SCRIPT_OUTPUT_FILE_0}\"\n";
			showEnvVarsInLog = 0;
		};
		7FBB7DA1CE26FF1F215C9321 /* [CP] Embed Pods Frameworks */ = {
			isa = PBXShellScriptBuildPhase;
			buildActionMask = 2147483647;
			files = (
			);
			inputFileListPaths = (
				"${PODS_ROOT}/Target Support Files/Pods-Mybook/Pods-Mybook-frameworks-${CONFIGURATION}-input-files.xcfilelist",
			);
			name = "[CP] Embed Pods Frameworks";
			outputFileListPaths = (
				"${PODS_ROOT}/Target Support Files/Pods-Mybook/Pods-Mybook-frameworks-${CONFIGURATION}-output-files.xcfilelist",
			);
			runOnlyForDeploymentPostprocessing = 0;
			shellPath = /bin/sh;
			shellScript = "\"${PODS_ROOT}/Target Support Files/Pods-Mybook/Pods-Mybook-frameworks.sh\"\n";
			showEnvVarsInLog = 0;
		};
/* End PBXShellScriptBuildPhase section */

/* Begin PBXSourcesBuildPhase section */
		D87BF60629E94A30008FCD71 /* Sources */ = {
			isa = PBXSourcesBuildPhase;
			buildActionMask = 2147483647;
			files = (
				D87BF60E29E94A30008FCD71 /* AppDelegate.swift in Sources */,
				D87BF61029E94A30008FCD71 /* SceneDelegate.swift in Sources */,
				D87BF64A29ED9F85008FCD71 /* ImageModelBook.swift in Sources */,
				D87BF63A29E9534D008FCD71 /* SessionManager.swift in Sources */,
				D87BF65429EDDE7C008FCD71 /* StartTableViewCell.swift in Sources */,
				D87BF62829E94B2C008FCD71 /* Extensions.swift in Sources */,
				D87BF64629EB138A008FCD71 /* BookInfoModel.swift in Sources */,
				D87BF63729E95059008FCD71 /* BookTableViewCell.swift in Sources */,
				D87BF62D29E94B91008FCD71 /* MainViewController.swift in Sources */,
				D87BF64029EABB11008FCD71 /* SingleBookModel.swift in Sources */,
				D87BF63E29E97BA8008FCD71 /* BookListModel.swift in Sources */,
				D87BF64829ED9A66008FCD71 /* RatingBookModel.swift in Sources */,
				D87BF64D29EDAA1F008FCD71 /* LinkMakeModel.swift in Sources */,
				D87BF63C29E97894008FCD71 /* BookModel.swift in Sources */,
				D87BF64329EB06B7008FCD71 /* InfoBooksViewController.swift in Sources */,
			);
			runOnlyForDeploymentPostprocessing = 0;
		};
/* End PBXSourcesBuildPhase section */

/* Begin PBXVariantGroup section */
		D87BF61829E94A31008FCD71 /* LaunchScreen.storyboard */ = {
			isa = PBXVariantGroup;
			children = (
				D87BF61929E94A31008FCD71 /* Base */,
			);
			name = LaunchScreen.storyboard;
			sourceTree = "<group>";
		};
/* End PBXVariantGroup section */

/* Begin XCBuildConfiguration section */
		D87BF61C29E94A31008FCD71 /* Debug */ = {
			isa = XCBuildConfiguration;
			buildSettings = {
				ALWAYS_SEARCH_USER_PATHS = NO;
				CLANG_ANALYZER_NONNULL = YES;
				CLANG_ANALYZER_NUMBER_OBJECT_CONVERSION = YES_AGGRESSIVE;
				CLANG_CXX_LANGUAGE_STANDARD = "gnu++20";
				CLANG_ENABLE_MODULES = YES;
				CLANG_ENABLE_OBJC_ARC = YES;
				CLANG_ENABLE_OBJC_WEAK = YES;
				CLANG_WARN_BLOCK_CAPTURE_AUTORELEASING = YES;
				CLANG_WARN_BOOL_CONVERSION = YES;
				CLANG_WARN_COMMA = YES;
				CLANG_WARN_CONSTANT_CONVERSION = YES;
				CLANG_WARN_DEPRECATED_OBJC_IMPLEMENTATIONS = YES;
				CLANG_WARN_DIRECT_OBJC_ISA_USAGE = YES_ERROR;
				CLANG_WARN_DOCUMENTATION_COMMENTS = YES;
				CLANG_WARN_EMPTY_BODY = YES;
				CLANG_WARN_ENUM_CONVERSION = YES;
				CLANG_WARN_INFINITE_RECURSION = YES;
				CLANG_WARN_INT_CONVERSION = YES;
				CLANG_WARN_NON_LITERAL_NULL_CONVERSION = YES;
				CLANG_WARN_OBJC_IMPLICIT_RETAIN_SELF = YES;
				CLANG_WARN_OBJC_LITERAL_CONVERSION = YES;
				CLANG_WARN_OBJC_ROOT_CLASS = YES_ERROR;
				CLANG_WARN_QUOTED_INCLUDE_IN_FRAMEWORK_HEADER = YES;
				CLANG_WARN_RANGE_LOOP_ANALYSIS = YES;
				CLANG_WARN_STRICT_PROTOTYPES = YES;
				CLANG_WARN_SUSPICIOUS_MOVE = YES;
				CLANG_WARN_UNGUARDED_AVAILABILITY = YES_AGGRESSIVE;
				CLANG_WARN_UNREACHABLE_CODE = YES;
				CLANG_WARN__DUPLICATE_METHOD_MATCH = YES;
				COPY_PHASE_STRIP = NO;
				DEBUG_INFORMATION_FORMAT = dwarf;
				ENABLE_STRICT_OBJC_MSGSEND = YES;
				ENABLE_TESTABILITY = YES;
				GCC_C_LANGUAGE_STANDARD = gnu11;
				GCC_DYNAMIC_NO_PIC = NO;
				GCC_NO_COMMON_BLOCKS = YES;
				GCC_OPTIMIZATION_LEVEL = 0;
				GCC_PREPROCESSOR_DEFINITIONS = (
					"DEBUG=1",
					"$(inherited)",
				);
				GCC_WARN_64_TO_32_BIT_CONVERSION = YES;
				GCC_WARN_ABOUT_RETURN_TYPE = YES_ERROR;
				GCC_WARN_UNDECLARED_SELECTOR = YES;
				GCC_WARN_UNINITIALIZED_AUTOS = YES_AGGRESSIVE;
				GCC_WARN_UNUSED_FUNCTION = YES;
				GCC_WARN_UNUSED_VARIABLE = YES;
				IPHONEOS_DEPLOYMENT_TARGET = 16.4;
				MTL_ENABLE_DEBUG_INFO = INCLUDE_SOURCE;
				MTL_FAST_MATH = YES;
				ONLY_ACTIVE_ARCH = YES;
				SDKROOT = iphoneos;
				SWIFT_ACTIVE_COMPILATION_CONDITIONS = DEBUG;
				SWIFT_OPTIMIZATION_LEVEL = "-Onone";
			};
			name = Debug;
		};
		D87BF61D29E94A31008FCD71 /* Release */ = {
			isa = XCBuildConfiguration;
			buildSettings = {
				ALWAYS_SEARCH_USER_PATHS = NO;
				CLANG_ANALYZER_NONNULL = YES;
				CLANG_ANALYZER_NUMBER_OBJECT_CONVERSION = YES_AGGRESSIVE;
				CLANG_CXX_LANGUAGE_STANDARD = "gnu++20";
				CLANG_ENABLE_MODULES = YES;
				CLANG_ENABLE_OBJC_ARC = YES;
				CLANG_ENABLE_OBJC_WEAK = YES;
				CLANG_WARN_BLOCK_CAPTURE_AUTORELEASING = YES;
				CLANG_WARN_BOOL_CONVERSION = YES;
				CLANG_WARN_COMMA = YES;
				CLANG_WARN_CONSTANT_CONVERSION = YES;
				CLANG_WARN_DEPRECATED_OBJC_IMPLEMENTATIONS = YES;
				CLANG_WARN_DIRECT_OBJC_ISA_USAGE = YES_ERROR;
				CLANG_WARN_DOCUMENTATION_COMMENTS = YES;
				CLANG_WARN_EMPTY_BODY = YES;
				CLANG_WARN_ENUM_CONVERSION = YES;
				CLANG_WARN_INFINITE_RECURSION = YES;
				CLANG_WARN_INT_CONVERSION = YES;
				CLANG_WARN_NON_LITERAL_NULL_CONVERSION = YES;
				CLANG_WARN_OBJC_IMPLICIT_RETAIN_SELF = YES;
				CLANG_WARN_OBJC_LITERAL_CONVERSION = YES;
				CLANG_WARN_OBJC_ROOT_CLASS = YES_ERROR;
				CLANG_WARN_QUOTED_INCLUDE_IN_FRAMEWORK_HEADER = YES;
				CLANG_WARN_RANGE_LOOP_ANALYSIS = YES;
				CLANG_WARN_STRICT_PROTOTYPES = YES;
				CLANG_WARN_SUSPICIOUS_MOVE = YES;
				CLANG_WARN_UNGUARDED_AVAILABILITY = YES_AGGRESSIVE;
				CLANG_WARN_UNREACHABLE_CODE = YES;
				CLANG_WARN__DUPLICATE_METHOD_MATCH = YES;
				COPY_PHASE_STRIP = NO;
				DEBUG_INFORMATION_FORMAT = "dwarf-with-dsym";
				ENABLE_NS_ASSERTIONS = NO;
				ENABLE_STRICT_OBJC_MSGSEND = YES;
				GCC_C_LANGUAGE_STANDARD = gnu11;
				GCC_NO_COMMON_BLOCKS = YES;
				GCC_WARN_64_TO_32_BIT_CONVERSION = YES;
				GCC_WARN_ABOUT_RETURN_TYPE = YES_ERROR;
				GCC_WARN_UNDECLARED_SELECTOR = YES;
				GCC_WARN_UNINITIALIZED_AUTOS = YES_AGGRESSIVE;
				GCC_WARN_UNUSED_FUNCTION = YES;
				GCC_WARN_UNUSED_VARIABLE = YES;
				IPHONEOS_DEPLOYMENT_TARGET = 16.4;
				MTL_ENABLE_DEBUG_INFO = NO;
				MTL_FAST_MATH = YES;
				SDKROOT = iphoneos;
				SWIFT_COMPILATION_MODE = wholemodule;
				SWIFT_OPTIMIZATION_LEVEL = "-O";
				VALIDATE_PRODUCT = YES;
			};
			name = Release;
		};
		D87BF61F29E94A31008FCD71 /* Debug */ = {
			isa = XCBuildConfiguration;
			baseConfigurationReference = B52923B59C504B36F6864571 /* Pods-Mybook.debug.xcconfig */;
			buildSettings = {
				ASSETCATALOG_COMPILER_APPICON_NAME = AppIcon;
				ASSETCATALOG_COMPILER_GLOBAL_ACCENT_COLOR_NAME = AccentColor;
				CODE_SIGN_STYLE = Automatic;
				CURRENT_PROJECT_VERSION = 1;
				DEVELOPMENT_TEAM = 285RFT4HL7;
				GENERATE_INFOPLIST_FILE = YES;
				INFOPLIST_FILE = Mybook/Info.plist;
				INFOPLIST_KEY_UIApplicationSupportsIndirectInputEvents = YES;
				INFOPLIST_KEY_UILaunchStoryboardName = LaunchScreen;
				INFOPLIST_KEY_UISupportedInterfaceOrientations = UIInterfaceOrientationPortrait;
				INFOPLIST_KEY_UISupportedInterfaceOrientations_iPad = "UIInterfaceOrientationLandscapeLeft UIInterfaceOrientationLandscapeRight UIInterfaceOrientationPortrait UIInterfaceOrientationPortraitUpsideDown";
				IPHONEOS_DEPLOYMENT_TARGET = 15.0;
				LD_RUNPATH_SEARCH_PATHS = (
					"$(inherited)",
					"@executable_path/Frameworks",
				);
				MARKETING_VERSION = 1.0;
				PRODUCT_BUNDLE_IDENTIFIER = alexshamrey.Mybook;
				PRODUCT_NAME = "$(TARGET_NAME)";
				SWIFT_EMIT_LOC_STRINGS = YES;
				SWIFT_VERSION = 5.0;
				TARGETED_DEVICE_FAMILY = "1,2";
			};
			name = Debug;
		};
		D87BF62029E94A31008FCD71 /* Release */ = {
			isa = XCBuildConfiguration;
			baseConfigurationReference = B3802F4C5F9E0B1FB9490CFE /* Pods-Mybook.release.xcconfig */;
			buildSettings = {
				ASSETCATALOG_COMPILER_APPICON_NAME = AppIcon;
				ASSETCATALOG_COMPILER_GLOBAL_ACCENT_COLOR_NAME = AccentColor;
				CODE_SIGN_STYLE = Automatic;
				CURRENT_PROJECT_VERSION = 1;
				DEVELOPMENT_TEAM = 285RFT4HL7;
				GENERATE_INFOPLIST_FILE = YES;
				INFOPLIST_FILE = Mybook/Info.plist;
				INFOPLIST_KEY_UIApplicationSupportsIndirectInputEvents = YES;
				INFOPLIST_KEY_UILaunchStoryboardName = LaunchScreen;
				INFOPLIST_KEY_UISupportedInterfaceOrientations = UIInterfaceOrientationPortrait;
				INFOPLIST_KEY_UISupportedInterfaceOrientations_iPad = "UIInterfaceOrientationLandscapeLeft UIInterfaceOrientationLandscapeRight UIInterfaceOrientationPortrait UIInterfaceOrientationPortraitUpsideDown";
				IPHONEOS_DEPLOYMENT_TARGET = 15.0;
				LD_RUNPATH_SEARCH_PATHS = (
					"$(inherited)",
					"@executable_path/Frameworks",
				);
				MARKETING_VERSION = 1.0;
				PRODUCT_BUNDLE_IDENTIFIER = alexshamrey.Mybook;
				PRODUCT_NAME = "$(TARGET_NAME)";
				SWIFT_EMIT_LOC_STRINGS = YES;
				SWIFT_VERSION = 5.0;
				TARGETED_DEVICE_FAMILY = "1,2";
			};
			name = Release;
		};
/* End XCBuildConfiguration section */

/* Begin XCConfigurationList section */
		D87BF60529E94A2F008FCD71 /* Build configuration list for PBXProject "Mybook" */ = {
			isa = XCConfigurationList;
			buildConfigurations = (
				D87BF61C29E94A31008FCD71 /* Debug */,
				D87BF61D29E94A31008FCD71 /* Release */,
			);
			defaultConfigurationIsVisible = 0;
			defaultConfigurationName = Release;
		};
		D87BF61E29E94A31008FCD71 /* Build configuration list for PBXNativeTarget "Mybook" */ = {
			isa = XCConfigurationList;
			buildConfigurations = (
				D87BF61F29E94A31008FCD71 /* Debug */,
				D87BF62029E94A31008FCD71 /* Release */,
			);
			defaultConfigurationIsVisible = 0;
			defaultConfigurationName = Release;
		};
/* End XCConfigurationList section */
	};
	rootObject = D87BF60229E94A2F008FCD71 /* Project object */;
}
